
Microsoft Visual Studio Solution File, Format Version 12.00
# Visual Studio Version 16
VisualStudioVersion = 16.0.31515.178
MinimumVisualStudioVersion = 10.0.40219.1
Project("{FAE04EC0-301F-11D3-BF4B-00C04F79EFBC}") = "PrintControler", "PrintControler\PrintControler.csproj", "{74A98737-4280-4D04-8F11-9F145698CD6D}"
EndProject
Project("{FAE04EC0-301F-11D3-BF4B-00C04F79EFBC}") = "AControler", "AControler\AControler.csproj", "{7EF21BB2-5545-4F8D-BBC1-34C741CA6ED8}"
EndProject
Project("{FAE04EC0-301F-11D3-BF4B-00C04F79EFBC}") = "PrintConsole", "PrintConsole\PrintConsole.csproj", "{B9972C60-ECB7-493B-9703-41661CCD85F3}"
EndProject
Project("{FAE04EC0-301F-11D3-BF4B-00C04F79EFBC}") = "MModifyFile", "MModifyFile\MModifyFile.csproj", "{D7772B43-03C0-45A7-B0AC-F5751F094B20}"
EndProject
Project("{FAE04EC0-301F-11D3-BF4B-00C04F79EFBC}") = "Common", "Common\Common.csproj", "{BC9DE45B-A125-4C68-ABD9-42F9BA053C0E}"
EndProject
Project("{2150E333-8FDC-42A3-9474-1A3956D46DE8}") = "3.Gui.Base", "3.Gui.Base", "{DEED0454-4809-4916-8FA6-4F8AF0454719}"
EndProject
Project("{2150E333-8FDC-42A3-9474-1A3956D46DE8}") = "2.Cui", "2.Cui", "{D53FCBA5-2BCE-4C7D-9F2D-F7F9D5C5E960}"
EndProject
Project("{2150E333-8FDC-42A3-9474-1A3956D46DE8}") = "1.Common", "1.Common", "{6FC7970F-C54C-48CC-9A59-1FB96ECB5E29}"
EndProject
Project("{FAE04EC0-301F-11D3-BF4B-00C04F79EFBC}") = "Controler", "Controler\Controler.csproj", "{4B8ADCC4-AA55-4E7B-98FE-C78468301EA1}"
EndProject
Project("{2150E333-8FDC-42A3-9474-1A3956D46DE8}") = "4.Gui.Module", "4.Gui.Module", "{2DF6202C-7CB2-459E-BA61-921BE548C340}"
EndProject
Project("{FAE04EC0-301F-11D3-BF4B-00C04F79EFBC}") = "MControl", "MControl\MControl.csproj", "{323E47C1-624F-4C13-8694-413C4AADE3F1}"
EndProject
Project("{FAE04EC0-301F-11D3-BF4B-00C04F79EFBC}") = "MFilamentLoad", "MFilamentLoad\MFilamentLoad.csproj", "{2BD9D5AF-3C1D-4396-9668-AABC31DB09E0}"
EndProject
Project("{FAE04EC0-301F-11D3-BF4B-00C04F79EFBC}") = "MModifySlic3r", "MModifySlic3r\MModifySlic3r.csproj", "{E10B4447-5752-4682-BDF1-9CA93F0DEB6D}"
EndProject
Project("{FAE04EC0-301F-11D3-BF4B-00C04F79EFBC}") = "rs274ngcparser", "Rs274ngcParser\rs274ngcparser.csproj", "{C68BCEFB-B0E7-4065-9CD7-38B585FFBF00}"
EndProject
Project("{FAE04EC0-301F-11D3-BF4B-00C04F79EFBC}") = "Translator", "Translator\Translator.csproj", "{486E29C3-9AD5-412F-8017-AE8EF4C1B121}"
EndProject
Project("{2150E333-8FDC-42A3-9474-1A3956D46DE8}") = "9.Documents", "9.Documents", "{2D2E9F60-CA19-4007-AD72-A1733F73A3C3}"
	ProjectSection(SolutionItems) = preProject
		License.txt = License.txt
		README.md = README.md
	EndProjectSection
EndProject
Global
	GlobalSection(SolutionConfigurationPlatforms) = preSolution
		Debug|Any CPU = Debug|Any CPU
		Release|Any CPU = Release|Any CPU
	EndGlobalSection
	GlobalSection(ProjectConfigurationPlatforms) = postSolution
		{74A98737-4280-4D04-8F11-9F145698CD6D}.Debug|Any CPU.ActiveCfg = Debug|Any CPU
		{74A98737-4280-4D04-8F11-9F145698CD6D}.Debug|Any CPU.Build.0 = Debug|Any CPU
		{74A98737-4280-4D04-8F11-9F145698CD6D}.Release|Any CPU.ActiveCfg = Release|Any CPU
		{74A98737-4280-4D04-8F11-9F145698CD6D}.Release|Any CPU.Build.0 = Release|Any CPU
		{7EF21BB2-5545-4F8D-BBC1-34C741CA6ED8}.Debug|Any CPU.ActiveCfg = Debug|Any CPU
		{7EF21BB2-5545-4F8D-BBC1-34C741CA6ED8}.Debug|Any CPU.Build.0 = Debug|Any CPU
		{7EF21BB2-5545-4F8D-BBC1-34C741CA6ED8}.Release|Any CPU.ActiveCfg = Release|Any CPU
		{7EF21BB2-5545-4F8D-BBC1-34C741CA6ED8}.Release|Any CPU.Build.0 = Release|Any CPU
		{B9972C60-ECB7-493B-9703-41661CCD85F3}.Debug|Any CPU.ActiveCfg = Debug|Any CPU
		{B9972C60-ECB7-493B-9703-41661CCD85F3}.Debug|Any CPU.Build.0 = Debug|Any CPU
		{B9972C60-ECB7-493B-9703-41661CCD85F3}.Release|Any CPU.ActiveCfg = Release|Any CPU
		{B9972C60-ECB7-493B-9703-41661CCD85F3}.Release|Any CPU.Build.0 = Release|Any CPU
		{D7772B43-03C0-45A7-B0AC-F5751F094B20}.Debug|Any CPU.ActiveCfg = Debug|Any CPU
		{D7772B43-03C0-45A7-B0AC-F5751F094B20}.Debug|Any CPU.Build.0 = Debug|Any CPU
		{D7772B43-03C0-45A7-B0AC-F5751F094B20}.Release|Any CPU.ActiveCfg = Release|Any CPU
		{D7772B43-03C0-45A7-B0AC-F5751F094B20}.Release|Any CPU.Build.0 = Release|Any CPU
		{BC9DE45B-A125-4C68-ABD9-42F9BA053C0E}.Debug|Any CPU.ActiveCfg = Debug|Any CPU
		{BC9DE45B-A125-4C68-ABD9-42F9BA053C0E}.Debug|Any CPU.Build.0 = Debug|Any CPU
		{BC9DE45B-A125-4C68-ABD9-42F9BA053C0E}.Release|Any CPU.ActiveCfg = Release|Any CPU
		{BC9DE45B-A125-4C68-ABD9-42F9BA053C0E}.Release|Any CPU.Build.0 = Release|Any CPU
		{4B8ADCC4-AA55-4E7B-98FE-C78468301EA1}.Debug|Any CPU.ActiveCfg = Debug|Any CPU
		{4B8ADCC4-AA55-4E7B-98FE-C78468301EA1}.Debug|Any CPU.Build.0 = Debug|Any CPU
		{4B8ADCC4-AA55-4E7B-98FE-C78468301EA1}.Release|Any CPU.ActiveCfg = Release|Any CPU
		{4B8ADCC4-AA55-4E7B-98FE-C78468301EA1}.Release|Any CPU.Build.0 = Release|Any CPU
		{323E47C1-624F-4C13-8694-413C4AADE3F1}.Debug|Any CPU.ActiveCfg = Debug|Any CPU
		{323E47C1-624F-4C13-8694-413C4AADE3F1}.Debug|Any CPU.Build.0 = Debug|Any CPU
		{323E47C1-624F-4C13-8694-413C4AADE3F1}.Release|Any CPU.ActiveCfg = Release|Any CPU
		{323E47C1-624F-4C13-8694-413C4AADE3F1}.Release|Any CPU.Build.0 = Release|Any CPU
		{2BD9D5AF-3C1D-4396-9668-AABC31DB09E0}.Debug|Any CPU.ActiveCfg = Debug|Any CPU
		{2BD9D5AF-3C1D-4396-9668-AABC31DB09E0}.Debug|Any CPU.Build.0 = Debug|Any CPU
		{2BD9D5AF-3C1D-4396-9668-AABC31DB09E0}.Release|Any CPU.ActiveCfg = Release|Any CPU
		{2BD9D5AF-3C1D-4396-9668-AABC31DB09E0}.Release|Any CPU.Build.0 = Release|Any CPU
		{E10B4447-5752-4682-BDF1-9CA93F0DEB6D}.Debug|Any CPU.ActiveCfg = Debug|Any CPU
		{E10B4447-5752-4682-BDF1-9CA93F0DEB6D}.Debug|Any CPU.Build.0 = Debug|Any CPU
		{E10B4447-5752-4682-BDF1-9CA93F0DEB6D}.Release|Any CPU.ActiveCfg = Release|Any CPU
		{E10B4447-5752-4682-BDF1-9CA93F0DEB6D}.Release|Any CPU.Build.0 = Release|Any CPU
		{C68BCEFB-B0E7-4065-9CD7-38B585FFBF00}.Debug|Any CPU.ActiveCfg = Debug|Any CPU
		{C68BCEFB-B0E7-4065-9CD7-38B585FFBF00}.Debug|Any CPU.Build.0 = Debug|Any CPU
		{C68BCEFB-B0E7-4065-9CD7-38B585FFBF00}.Release|Any CPU.ActiveCfg = Release|Any CPU
		{C68BCEFB-B0E7-4065-9CD7-38B585FFBF00}.Release|Any CPU.Build.0 = Release|Any CPU
		{486E29C3-9AD5-412F-8017-AE8EF4C1B121}.Debug|Any CPU.ActiveCfg = Debug|Any CPU
		{486E29C3-9AD5-412F-8017-AE8EF4C1B121}.Debug|Any CPU.Build.0 = Debug|Any CPU
		{486E29C3-9AD5-412F-8017-AE8EF4C1B121}.Release|Any CPU.ActiveCfg = Release|Any CPU
		{486E29C3-9AD5-412F-8017-AE8EF4C1B121}.Release|Any CPU.Build.0 = Release|Any CPU
	EndGlobalSection
	GlobalSection(SolutionProperties) = preSolution
		HideSolutionNode = FALSE
	EndGlobalSection
	GlobalSection(NestedProjects) = preSolution
		{74A98737-4280-4D04-8F11-9F145698CD6D} = {DEED0454-4809-4916-8FA6-4F8AF0454719}
		{7EF21BB2-5545-4F8D-BBC1-34C741CA6ED8} = {6FC7970F-C54C-48CC-9A59-1FB96ECB5E29}
		{B9972C60-ECB7-493B-9703-41661CCD85F3} = {D53FCBA5-2BCE-4C7D-9F2D-F7F9D5C5E960}
		{D7772B43-03C0-45A7-B0AC-F5751F094B20} = {2DF6202C-7CB2-459E-BA61-921BE548C340}
		{BC9DE45B-A125-4C68-ABD9-42F9BA053C0E} = {DEED0454-4809-4916-8FA6-4F8AF0454719}
		{4B8ADCC4-AA55-4E7B-98FE-C78468301EA1} = {DEED0454-4809-4916-8FA6-4F8AF0454719}
		{323E47C1-624F-4C13-8694-413C4AADE3F1} = {2DF6202C-7CB2-459E-BA61-921BE548C340}
		{2BD9D5AF-3C1D-4396-9668-AABC31DB09E0} = {2DF6202C-7CB2-459E-BA61-921BE548C340}
		{E10B4447-5752-4682-BDF1-9CA93F0DEB6D} = {2DF6202C-7CB2-459E-BA61-921BE548C340}
		{C68BCEFB-B0E7-4065-9CD7-38B585FFBF00} = {6FC7970F-C54C-48CC-9A59-1FB96ECB5E29}
		{486E29C3-9AD5-412F-8017-AE8EF4C1B121} = {6FC7970F-C54C-48CC-9A59-1FB96ECB5E29}
	EndGlobalSection
	GlobalSection(ExtensibilityGlobals) = postSolution
		SolutionGuid = {5AA821EF-0A0C-42B4-8E28-0BCA8679F229}
	EndGlobalSection
EndGlobal
